claude_web:
  cmd: python -m weasel run claude_web
  script:
    - python claude_web.py
  deps:
    - path: claude_web.py
      md5: fd7f46a81237a8921ecdb7063bc4939e
    - path: project_registry.py
      md5: f72cda9afdd43d5353395addf781b2f8
    - path: config.cfg
      md5: 58d64ee0c7d1ab1a0fe25c90c961251f
  outs: []
resolve_config:
  cmd: python -m weasel run resolve_config
  script:
    - python project_registry.py
  deps:
    - path: project_registry.py
      md5: f72cda9afdd43d5353395addf781b2f8
    - path: config.cfg
      md5: 58d64ee0c7d1ab1a0fe25c90c961251f
  outs: []
ensure_dirs:
  cmd: python -m weasel run ensure_dirs
  script:
    - python -c "import project_registry as r; r.ensure_dirs(r.select_projects());
      print('ensured fetched/ and processed/')"
  deps:
    - path: project_registry.py
      md5: 16a1d23f396a19974411d08d2eaa3241
    - path: config.cfg
      md5: 218b9090c596d20368c68201407fabd4
  outs: []
device_info:
  cmd: python -m weasel run device_info
  script:
    - python ios_identification.py
  deps:
    - path: ios_identification.py
      md5: 6a7138cb5ff36b6957258de688b59a1e
  outs: []
md5:
  cmd: python -m weasel run md5
  script:
    - python photos_md5.py
  deps:
    - path: photos_md5.py
      md5: 0927895056ebc560b7f6ea82b58b826e
    - path: project_registry.py
      md5: 2e06ae4ff9e7a87210fdf3bdcc2a4f05
    - path: config.cfg
      md5: 218b9090c596d20368c68201407fabd4
  outs: []
metadata:
  cmd: python -m weasel run metadata
  script:
    - python photos_metadata.py
  deps:
    - path: photos_metadata.py
      md5: ab56c42c914c1722f01714b7f057e3e7
    - path: project_registry.py
      md5: 2e06ae4ff9e7a87210fdf3bdcc2a4f05
    - path: config.cfg
      md5: 218b9090c596d20368c68201407fabd4
  outs: []
git_logs:
  cmd: python -m weasel run git_logs
  script:
    - python git_logs.py
  deps:
    - path: git_logs.py
      md5: 608ba18dbf1371af47c1cf9ea0ed5361
    - path: project_registry.py
      md5: 2e06ae4ff9e7a87210fdf3bdcc2a4f05
    - path: config.cfg
      md5: 218b9090c596d20368c68201407fabd4
  outs: []
claude_web_ingest:
  cmd: python -m weasel run claude_web_ingest
  script:
    - python claude_web_ingest.py
  deps:
    - path: claude_web_ingest.py
      md5: d5a9ffae85ecdb7e41dcc3c21b588a1a
    - path: project_registry.py
      md5: f72cda9afdd43d5353395addf781b2f8
    - path: config.cfg
      md5: 58d64ee0c7d1ab1a0fe25c90c961251f
  outs: []
manifest:
  cmd: python -m weasel run manifest
  script:
    - python photos_manifest.py
  deps:
    - path: photos_manifest.py
      md5: a606f848571677ad6fc925d095a0f955
    - path: manifest.py
      md5: be14cee78d05f76c6a81e1fc8bb88644
    - path: project_registry.py
      md5: 2e06ae4ff9e7a87210fdf3bdcc2a4f05
    - path: config.cfg
      md5: 218b9090c596d20368c68201407fabd4
  outs: []
stats:
  cmd: python -m weasel run stats
  script:
    - python photos_stats.py
  deps:
    - path: photos_stats.py
      md5: c3eff9bfa01b2c852536912a576394f6
    - path: project_registry.py
      md5: 2e06ae4ff9e7a87210fdf3bdcc2a4f05
    - path: config.cfg
      md5: 218b9090c596d20368c68201407fabd4
  outs: []
verify_identity:
  cmd: python -m weasel run verify_identity
  script:
    - python location_identity.py
  deps:
    - path: location_identity.py
      md5: d4f9877cef06926d76eab8df4b3c5c74
    - path: project_registry.py
      md5: f72cda9afdd43d5353395addf781b2f8
    - path: config.cfg
      md5: 58d64ee0c7d1ab1a0fe25c90c961251f
  outs: []
compliance:
  cmd: python -m weasel run compliance
  script:
    - python compliance.py
  deps:
    - path: compliance.py
      md5: 55576eae66728646b507084506bf9d41
    - path: project_registry.py
      md5: f72cda9afdd43d5353395addf781b2f8
    - path: config.cfg
      md5: 58d64ee0c7d1ab1a0fe25c90c961251f
  outs: []
