claude_prompts:
  cmd: python -m weasel run claude_prompts
  script:
    - python claude_prompts.py
  deps:
    - path: claude_prompts.py
      md5: f603fc59417a80e99271ca8cf1afc084
    - path: project_registry.py
      md5: 2e06ae4ff9e7a87210fdf3bdcc2a4f05
    - path: config.cfg
      md5: 218b9090c596d20368c68201407fabd4
  outs: []
resolve_config:
  cmd: python -m weasel run resolve_config
  script:
    - python project_registry.py
  deps:
    - path: project_registry.py
      md5: 2e06ae4ff9e7a87210fdf3bdcc2a4f05
    - path: config.cfg
      md5: 218b9090c596d20368c68201407fabd4
  outs: []
ensure_dirs:
  cmd: python -m weasel run ensure_dirs
  script:
    - python -c "import project_registry as r; r.ensure_dirs(r.load_projects()); print('ensured
      fetched/ and processed/ for all projects')"
  deps:
    - path: project_registry.py
      md5: 2e06ae4ff9e7a87210fdf3bdcc2a4f05
    - path: config.cfg
      md5: 218b9090c596d20368c68201407fabd4
  outs: []
device_info:
  cmd: python -m weasel run device_info
  script:
    - python ios_identification.py
  deps:
    - path: ios_identification.py
      md5: 6a7138cb5ff36b6957258de688b59a1e
  outs: []
md5:
  cmd: python -m weasel run md5
  script:
    - python photos_md5.py
  deps:
    - path: photos_md5.py
      md5: 0927895056ebc560b7f6ea82b58b826e
    - path: project_registry.py
      md5: 2e06ae4ff9e7a87210fdf3bdcc2a4f05
    - path: config.cfg
      md5: 218b9090c596d20368c68201407fabd4
  outs: []
metadata:
  cmd: python -m weasel run metadata
  script:
    - python photos_metadata.py
  deps:
    - path: photos_metadata.py
      md5: ab56c42c914c1722f01714b7f057e3e7
    - path: project_registry.py
      md5: 2e06ae4ff9e7a87210fdf3bdcc2a4f05
    - path: config.cfg
      md5: 218b9090c596d20368c68201407fabd4
  outs: []
git_logs:
  cmd: python -m weasel run git_logs
  script:
    - python git_logs.py
  deps:
    - path: git_logs.py
      md5: 75a67b4f656981cb20f5a64c2db156d3
    - path: project_registry.py
      md5: 2e06ae4ff9e7a87210fdf3bdcc2a4f05
    - path: config.cfg
      md5: 218b9090c596d20368c68201407fabd4
  outs: []
claude_ingest:
  cmd: python -m weasel run claude_ingest
  script:
    - python claude_ingest.py
  deps:
    - path: claude_ingest.py
      md5: d9ab385183223221feb0caadc9cca6e5
    - path: project_registry.py
      md5: 2e06ae4ff9e7a87210fdf3bdcc2a4f05
    - path: config.cfg
      md5: 218b9090c596d20368c68201407fabd4
  outs: []
